
Microsoft Visual Studio Solution File, Format Version 12.00
# Visual Studio 14
VisualStudioVersion = 14.0.24720.0
MinimumVisualStudioVersion = 10.0.40219.1
Project("{FAE04EC0-301F-11D3-BF4B-00C04F79EFBC}") = "AltSource.Utilities.VSSolution", "AltSource.Utilities.VSSolution\AltSource.Utilities.VSSolution.csproj", "{C391959F-CE4D-4265-A107-CEA32B22921B}"
EndProject
Project("{FAE04EC0-301F-11D3-BF4B-00C04F79EFBC}") = "DependencyRejectionUI", "DependencyRejectionUI\DependencyRejectionUI.csproj", "{33E89AEE-BDD4-45BA-AFE1-46E5A95C6412}"
EndProject
Project("{FAE04EC0-301F-11D3-BF4B-00C04F79EFBC}") = "AltSource.Utilities.VsSolution.Tests", "AltSource.Utilities.VsSolution.Tests\AltSource.Utilities.VsSolution.Tests.csproj", "{DA584526-0597-4583-9630-C48812F30840}"
EndProject
Global
	GlobalSection(SolutionConfigurationPlatforms) = preSolution
		Debug|Any CPU = Debug|Any CPU
		Release|Any CPU = Release|Any CPU
	EndGlobalSection
	GlobalSection(ProjectConfigurationPlatforms) = postSolution
		{C391959F-CE4D-4265-A107-CEA32B22921B}.Debug|Any CPU.ActiveCfg = Debug|Any CPU
		{C391959F-CE4D-4265-A107-CEA32B22921B}.Debug|Any CPU.Build.0 = Debug|Any CPU
		{C391959F-CE4D-4265-A107-CEA32B22921B}.Release|Any CPU.ActiveCfg = Release|Any CPU
		{C391959F-CE4D-4265-A107-CEA32B22921B}.Release|Any CPU.Build.0 = Release|Any CPU
		{33E89AEE-BDD4-45BA-AFE1-46E5A95C6412}.Debug|Any CPU.ActiveCfg = Debug|Any CPU
		{33E89AEE-BDD4-45BA-AFE1-46E5A95C6412}.Debug|Any CPU.Build.0 = Debug|Any CPU
		{33E89AEE-BDD4-45BA-AFE1-46E5A95C6412}.Release|Any CPU.ActiveCfg = Release|Any CPU
		{33E89AEE-BDD4-45BA-AFE1-46E5A95C6412}.Release|Any CPU.Build.0 = Release|Any CPU
		{DA584526-0597-4583-9630-C48812F30840}.Debug|Any CPU.ActiveCfg = Debug|Any CPU
		{DA584526-0597-4583-9630-C48812F30840}.Debug|Any CPU.Build.0 = Debug|Any CPU
		{DA584526-0597-4583-9630-C48812F30840}.Release|Any CPU.ActiveCfg = Release|Any CPU
		{DA584526-0597-4583-9630-C48812F30840}.Release|Any CPU.Build.0 = Release|Any CPU
	EndGlobalSection
	GlobalSection(SolutionProperties) = preSolution
		HideSolutionNode = FALSE
	EndGlobalSection
EndGlobal
